
Microsoft Visual Studio Solution File, Format Version 12.00
# Visual Studio 14
VisualStudioVersion = 14.0.23107.0
MinimumVisualStudioVersion = 10.0.40219.1
Project("{FAE04EC0-301F-11D3-BF4B-00C04F79EFBC}") = "TelegramBotNet", "TelegramBotNet\TelegramBotNet.csproj", "{58944122-1EBA-44D0-8857-EE2A7F734D4C}"
EndProject
Project("{FAE04EC0-301F-11D3-BF4B-00C04F79EFBC}") = "TestApp", "TestApp\TestApp.csproj", "{DD661A17-578E-4F8F-A79D-C93F1D0BA440}"
EndProject
Global
	GlobalSection(SolutionConfigurationPlatforms) = preSolution
		Debug|Any CPU = Debug|Any CPU
		Release|Any CPU = Release|Any CPU
	EndGlobalSection
	GlobalSection(ProjectConfigurationPlatforms) = postSolution
		{58944122-1EBA-44D0-8857-EE2A7F734D4C}.Debug|Any CPU.ActiveCfg = Debug|Any CPU
		{58944122-1EBA-44D0-8857-EE2A7F734D4C}.Debug|Any CPU.Build.0 = Debug|Any CPU
		{58944122-1EBA-44D0-8857-EE2A7F734D4C}.Release|Any CPU.ActiveCfg = Release|Any CPU
		{58944122-1EBA-44D0-8857-EE2A7F734D4C}.Release|Any CPU.Build.0 = Release|Any CPU
		{DD661A17-578E-4F8F-A79D-C93F1D0BA440}.Debug|Any CPU.ActiveCfg = Debug|Any CPU
		{DD661A17-578E-4F8F-A79D-C93F1D0BA440}.Debug|Any CPU.Build.0 = Debug|Any CPU
		{DD661A17-578E-4F8F-A79D-C93F1D0BA440}.Release|Any CPU.ActiveCfg = Release|Any CPU
		{DD661A17-578E-4F8F-A79D-C93F1D0BA440}.Release|Any CPU.Build.0 = Release|Any CPU
	EndGlobalSection
	GlobalSection(SolutionProperties) = preSolution
		HideSolutionNode = FALSE
	EndGlobalSection
EndGlobal
